
Microsoft Visual Studio Solution File, Format Version 12.00
# Visual Studio 14
VisualStudioVersion = 14.0.25123.0
MinimumVisualStudioVersion = 10.0.40219.1
Project("{FAE04EC0-301F-11D3-BF4B-00C04F79EFBC}") = "Schibsted.Presentation.Mvc.UI", "Schibsted.Presentation.Mvc.UI\Schibsted.Presentation.Mvc.UI.csproj", "{456D2E90-66D6-44FA-AF03-2024EC6BD720}"
EndProject
Project("{FAE04EC0-301F-11D3-BF4B-00C04F79EFBC}") = "Schibsted.Crosscutting.Entities", "Schibsted.Crosscutting.Entities\Schibsted.Crosscutting.Entities.csproj", "{C48392A5-4BA0-4159-8BEB-1FD5399285AE}"
EndProject
Project("{FAE04EC0-301F-11D3-BF4B-00C04F79EFBC}") = "Schibsted.DataAccess.Contracts", "Schibsted.DataAccess.Contracts\Schibsted.DataAccess.Contracts.csproj", "{F8F7267A-D268-4ACB-9890-D0BD4F53E227}"
EndProject
Project("{FAE04EC0-301F-11D3-BF4B-00C04F79EFBC}") = "Schibsted.DataAccess.Repositories", "Schibsted.DataAccess.Repositories\Schibsted.DataAccess.Repositories.csproj", "{880B6DD5-BE45-4583-AE78-659C2FDD228F}"
EndProject
Project("{2150E333-8FDC-42A3-9474-1A3956D46DE8}") = "01. DataLayer", "01. DataLayer", "{7231229E-9002-4E04-AD27-2685D651C662}"
EndProject
Project("{2150E333-8FDC-42A3-9474-1A3956D46DE8}") = "02. BusinessLayer", "02. BusinessLayer", "{B3E10D7B-2DE3-4F5C-875B-46619411A502}"
EndProject
Project("{2150E333-8FDC-42A3-9474-1A3956D46DE8}") = "03. UserLayer", "03. UserLayer", "{546E6131-F4BB-4952-B828-26168DAC4F87}"
EndProject
Project("{2150E333-8FDC-42A3-9474-1A3956D46DE8}") = "04. Crosscutting", "04. Crosscutting", "{72090502-6F44-46F1-A5A6-0EFA5C1F387A}"
EndProject
Project("{FAE04EC0-301F-11D3-BF4B-00C04F79EFBC}") = "Schibsted.Crosscutting.Commons", "Schibsted.Crosscutting.Commons\Schibsted.Crosscutting.Commons.csproj", "{49AAB0BA-2E64-4759-ABFE-F72A03F29168}"
EndProject
Project("{FAE04EC0-301F-11D3-BF4B-00C04F79EFBC}") = "Schibsted.DataAccess.Core", "Schibsted.DataAccess.Core\Schibsted.DataAccess.Core.csproj", "{FDDF9B4E-1331-4E4E-A7BA-FE3EFBCD20CF}"
EndProject
Project("{FAE04EC0-301F-11D3-BF4B-00C04F79EFBC}") = "Schibsted.Crosscutting.Ioc", "Schibsted.Crosscutting.Ioc\Schibsted.Crosscutting.Ioc.csproj", "{93D41393-01EC-4C5B-8929-CD786E7D6876}"
EndProject
Project("{FAE04EC0-301F-11D3-BF4B-00C04F79EFBC}") = "Schibsted.Business.Contracts", "Schibsted.Business.Contracts\Schibsted.Business.Contracts.csproj", "{6B20AB5B-E0B2-4415-AE18-36A8F5CBB4D7}"
EndProject
Project("{FAE04EC0-301F-11D3-BF4B-00C04F79EFBC}") = "Schibsted.Business.Core", "Schibsted.Business.Core\Schibsted.Business.Core.csproj", "{D6DD9B6E-78E3-455D-9E28-10B3BA410505}"
EndProject
Global
	GlobalSection(SolutionConfigurationPlatforms) = preSolution
		Debug|Any CPU = Debug|Any CPU
		Release|Any CPU = Release|Any CPU
	EndGlobalSection
	GlobalSection(ProjectConfigurationPlatforms) = postSolution
		{456D2E90-66D6-44FA-AF03-2024EC6BD720}.Debug|Any CPU.ActiveCfg = Debug|Any CPU
		{456D2E90-66D6-44FA-AF03-2024EC6BD720}.Debug|Any CPU.Build.0 = Debug|Any CPU
		{456D2E90-66D6-44FA-AF03-2024EC6BD720}.Release|Any CPU.ActiveCfg = Release|Any CPU
		{456D2E90-66D6-44FA-AF03-2024EC6BD720}.Release|Any CPU.Build.0 = Release|Any CPU
		{C48392A5-4BA0-4159-8BEB-1FD5399285AE}.Debug|Any CPU.ActiveCfg = Debug|Any CPU
		{C48392A5-4BA0-4159-8BEB-1FD5399285AE}.Debug|Any CPU.Build.0 = Debug|Any CPU
		{C48392A5-4BA0-4159-8BEB-1FD5399285AE}.Release|Any CPU.ActiveCfg = Release|Any CPU
		{C48392A5-4BA0-4159-8BEB-1FD5399285AE}.Release|Any CPU.Build.0 = Release|Any CPU
		{F8F7267A-D268-4ACB-9890-D0BD4F53E227}.Debug|Any CPU.ActiveCfg = Debug|Any CPU
		{F8F7267A-D268-4ACB-9890-D0BD4F53E227}.Debug|Any CPU.Build.0 = Debug|Any CPU
		{F8F7267A-D268-4ACB-9890-D0BD4F53E227}.Release|Any CPU.ActiveCfg = Release|Any CPU
		{F8F7267A-D268-4ACB-9890-D0BD4F53E227}.Release|Any CPU.Build.0 = Release|Any CPU
		{880B6DD5-BE45-4583-AE78-659C2FDD228F}.Debug|Any CPU.ActiveCfg = Debug|Any CPU
		{880B6DD5-BE45-4583-AE78-659C2FDD228F}.Debug|Any CPU.Build.0 = Debug|Any CPU
		{880B6DD5-BE45-4583-AE78-659C2FDD228F}.Release|Any CPU.ActiveCfg = Release|Any CPU
		{880B6DD5-BE45-4583-AE78-659C2FDD228F}.Release|Any CPU.Build.0 = Release|Any CPU
		{49AAB0BA-2E64-4759-ABFE-F72A03F29168}.Debug|Any CPU.ActiveCfg = Debug|Any CPU
		{49AAB0BA-2E64-4759-ABFE-F72A03F29168}.Debug|Any CPU.Build.0 = Debug|Any CPU
		{49AAB0BA-2E64-4759-ABFE-F72A03F29168}.Release|Any CPU.ActiveCfg = Release|Any CPU
		{49AAB0BA-2E64-4759-ABFE-F72A03F29168}.Release|Any CPU.Build.0 = Release|Any CPU
		{FDDF9B4E-1331-4E4E-A7BA-FE3EFBCD20CF}.Debug|Any CPU.ActiveCfg = Debug|Any CPU
		{FDDF9B4E-1331-4E4E-A7BA-FE3EFBCD20CF}.Debug|Any CPU.Build.0 = Debug|Any CPU
		{FDDF9B4E-1331-4E4E-A7BA-FE3EFBCD20CF}.Release|Any CPU.ActiveCfg = Release|Any CPU
		{FDDF9B4E-1331-4E4E-A7BA-FE3EFBCD20CF}.Release|Any CPU.Build.0 = Release|Any CPU
		{93D41393-01EC-4C5B-8929-CD786E7D6876}.Debug|Any CPU.ActiveCfg = Debug|Any CPU
		{93D41393-01EC-4C5B-8929-CD786E7D6876}.Debug|Any CPU.Build.0 = Debug|Any CPU
		{93D41393-01EC-4C5B-8929-CD786E7D6876}.Release|Any CPU.ActiveCfg = Release|Any CPU
		{93D41393-01EC-4C5B-8929-CD786E7D6876}.Release|Any CPU.Build.0 = Release|Any CPU
		{6B20AB5B-E0B2-4415-AE18-36A8F5CBB4D7}.Debug|Any CPU.ActiveCfg = Debug|Any CPU
		{6B20AB5B-E0B2-4415-AE18-36A8F5CBB4D7}.Debug|Any CPU.Build.0 = Debug|Any CPU
		{6B20AB5B-E0B2-4415-AE18-36A8F5CBB4D7}.Release|Any CPU.ActiveCfg = Release|Any CPU
		{6B20AB5B-E0B2-4415-AE18-36A8F5CBB4D7}.Release|Any CPU.Build.0 = Release|Any CPU
		{D6DD9B6E-78E3-455D-9E28-10B3BA410505}.Debug|Any CPU.ActiveCfg = Debug|Any CPU
		{D6DD9B6E-78E3-455D-9E28-10B3BA410505}.Debug|Any CPU.Build.0 = Debug|Any CPU
		{D6DD9B6E-78E3-455D-9E28-10B3BA410505}.Release|Any CPU.ActiveCfg = Release|Any CPU
		{D6DD9B6E-78E3-455D-9E28-10B3BA410505}.Release|Any CPU.Build.0 = Release|Any CPU
	EndGlobalSection
	GlobalSection(SolutionProperties) = preSolution
		HideSolutionNode = FALSE
	EndGlobalSection
	GlobalSection(NestedProjects) = preSolution
		{456D2E90-66D6-44FA-AF03-2024EC6BD720} = {546E6131-F4BB-4952-B828-26168DAC4F87}
		{C48392A5-4BA0-4159-8BEB-1FD5399285AE} = {72090502-6F44-46F1-A5A6-0EFA5C1F387A}
		{F8F7267A-D268-4ACB-9890-D0BD4F53E227} = {7231229E-9002-4E04-AD27-2685D651C662}
		{880B6DD5-BE45-4583-AE78-659C2FDD228F} = {7231229E-9002-4E04-AD27-2685D651C662}
		{49AAB0BA-2E64-4759-ABFE-F72A03F29168} = {72090502-6F44-46F1-A5A6-0EFA5C1F387A}
		{FDDF9B4E-1331-4E4E-A7BA-FE3EFBCD20CF} = {7231229E-9002-4E04-AD27-2685D651C662}
		{93D41393-01EC-4C5B-8929-CD786E7D6876} = {72090502-6F44-46F1-A5A6-0EFA5C1F387A}
		{6B20AB5B-E0B2-4415-AE18-36A8F5CBB4D7} = {B3E10D7B-2DE3-4F5C-875B-46619411A502}
		{D6DD9B6E-78E3-455D-9E28-10B3BA410505} = {B3E10D7B-2DE3-4F5C-875B-46619411A502}
	EndGlobalSection
EndGlobal
